// !$*UTF8*$!
{
	archiveVersion = 1;
	classes = {
	};
	objectVersion = 46;
	objects = {

/* Begin PBXBuildFile section */
		E1E17FB71975805900E262F5 /* Foundation.framework in Frameworks */ = {isa = PBXBuildFile; fileRef = E1E17FB61975805900E262F5 /* Foundation.framework */; };
		E1E17FB91975805900E262F5 /* CoreGraphics.framework in Frameworks */ = {isa = PBXBuildFile; fileRef = E1E17FB81975805900E262F5 /* CoreGraphics.framework */; };
		E1E17FBB1975805900E262F5 /* UIKit.framework in Frameworks */ = {isa = PBXBuildFile; fileRef = E1E17FBA1975805900E262F5 /* UIKit.framework */; };
		E1E17FC11975805900E262F5 /* InfoPlist.strings in Resources */ = {isa = PBXBuildFile; fileRef = E1E17FBF1975805900E262F5 /* InfoPlist.strings */; };
		E1E17FC31975805900E262F5 /* main.m in Sources */ = {isa = PBXBuildFile; fileRef = E1E17FC21975805900E262F5 /* main.m */; };
		E1E17FC91975805900E262F5 /* Images.xcassets in Resources */ = {isa = PBXBuildFile; fileRef = E1E17FC81975805900E262F5 /* Images.xcassets */; };
		E1E17FD01975805900E262F5 /* XCTest.framework in Frameworks */ = {isa = PBXBuildFile; fileRef = E1E17FCF1975805900E262F5 /* XCTest.framework */; };
		E1E17FD11975805900E262F5 /* Foundation.framework in Frameworks */ = {isa = PBXBuildFile; fileRef = E1E17FB61975805900E262F5 /* Foundation.framework */; };
		E1E17FD21975805900E262F5 /* UIKit.framework in Frameworks */ = {isa = PBXBuildFile; fileRef = E1E17FBA1975805900E262F5 /* UIKit.framework */; };
		E1E17FEF1975809600E262F5 /* AppDelegate.m in Sources */ = {isa = PBXBuildFile; fileRef = E1E17FE61975809600E262F5 /* AppDelegate.m */; };
		E1E17FF01975809600E262F5 /* GradientRingLayer.m in Sources */ = {isa = PBXBuildFile; fileRef = E1E17FE81975809600E262F5 /* GradientRingLayer.m */; };
		E1E17FF11975809600E262F5 /* GradientRingOutlineLayer.m in Sources */ = {isa = PBXBuildFile; fileRef = E1E17FEA1975809600E262F5 /* GradientRingOutlineLayer.m */; };
		E1E17FF21975809600E262F5 /* GradientRingProgressView.m in Sources */ = {isa = PBXBuildFile; fileRef = E1E17FEC1975809600E262F5 /* GradientRingProgressView.m */; };
		E1E17FF31975809600E262F5 /* MainViewController.m in Sources */ = {isa = PBXBuildFile; fileRef = E1E17FEE1975809600E262F5 /* MainViewController.m */; };
/* End PBXBuildFile section */

/* Begin PBXContainerItemProxy section */
		E1E17FD31975805900E262F5 /* PBXContainerItemProxy */ = {
			isa = PBXContainerItemProxy;
			containerPortal = E1E17FAB1975805900E262F5 /* Project object */;
			proxyType = 1;
			remoteGlobalIDString = E1E17FB21975805900E262F5;
			remoteInfo = GradientRingProgressView;
		};
/* End PBXContainerItemProxy section */

/* Begin PBXFileReference section */
		E1E17FB31975805900E262F5 /* GradientRingProgressView.app */ = {isa = PBXFileReference; explicitFileType = wrapper.application; includeInIndex = 0; path = GradientRingProgressView.app; sourceTree = BUILT_PRODUCTS_DIR; };
		E1E17FB61975805900E262F5 /* Foundation.framework */ = {isa = PBXFileReference; lastKnownFileType = wrapper.framework; name = Foundation.framework; path = System/Library/Frameworks/Foundation.framework; sourceTree = SDKROOT; };
		E1E17FB81975805900E262F5 /* CoreGraphics.framework */ = {isa = PBXFileReference; lastKnownFileType = wrapper.framework; name = CoreGraphics.framework; path = System/Library/Frameworks/CoreGraphics.framework; sourceTree = SDKROOT; };
		E1E17FBA1975805900E262F5 /* UIKit.framework */ = {isa = PBXFileReference; lastKnownFileType = wrapper.framework; name = UIKit.framework; path = System/Library/Frameworks/UIKit.framework; sourceTree = SDKROOT; };
		E1E17FBE1975805900E262F5 /* GradientRingProgressView-Info.plist */ = {isa = PBXFileReference; lastKnownFileType = text.plist.xml; path = "GradientRingProgressView-Info.plist"; sourceTree = "<group>"; };
		E1E17FC01975805900E262F5 /* en */ = {isa = PBXFileReference; lastKnownFileType = text.plist.strings; name = en; path = en.lproj/InfoPlist.strings; sourceTree = "<group>"; };
		E1E17FC21975805900E262F5 /* main.m */ = {isa = PBXFileReference; lastKnownFileType = sourcecode.c.objc; path = main.m; sourceTree = "<group>"; };
		E1E17FC41975805900E262F5 /* GradientRingProgressView-Prefix.pch */ = {isa = PBXFileReference; lastKnownFileType = sourcecode.c.h; path = "GradientRingProgressView-Prefix.pch"; sourceTree = "<group>"; };
		E1E17FC81975805900E262F5 /* Images.xcassets */ = {isa = PBXFileReference; lastKnownFileType = folder.assetcatalog; path = Images.xcassets; sourceTree = "<group>"; };
		E1E17FCE1975805900E262F5 /* GradientRingProgressViewTests.xctest */ = {isa = PBXFileReference; explicitFileType = wrapper.cfbundle; includeInIndex = 0; path = GradientRingProgressViewTests.xctest; sourceTree = BUILT_PRODUCTS_DIR; };
		E1E17FCF1975805900E262F5 /* XCTest.framework */ = {isa = PBXFileReference; lastKnownFileType = wrapper.framework; name = XCTest.framework; path = Library/Frameworks/XCTest.framework; sourceTree = DEVELOPER_DIR; };
		E1E17FE51975809600E262F5 /* AppDelegate.h */ = {isa = PBXFileReference; fileEncoding = 4; lastKnownFileType = sourcecode.c.h; path = AppDelegate.h; sourceTree = "<group>"; };
		E1E17FE61975809600E262F5 /* AppDelegate.m */ = {isa = PBXFileReference; fileEncoding = 4; lastKnownFileType = sourcecode.c.objc; path = AppDelegate.m; sourceTree = "<group>"; };
		E1E17FE71975809600E262F5 /* GradientRingLayer.h */ = {isa = PBXFileReference; fileEncoding = 4; lastKnownFileType = sourcecode.c.h; path = GradientRingLayer.h; sourceTree = "<group>"; };
		E1E17FE81975809600E262F5 /* GradientRingLayer.m */ = {isa = PBXFileReference; fileEncoding = 4; lastKnownFileType = sourcecode.c.objc; path = GradientRingLayer.m; sourceTree = "<group>"; };
		E1E17FE91975809600E262F5 /* GradientRingOutlineLayer.h */ = {isa = PBXFileReference; fileEncoding = 4; lastKnownFileType = sourcecode.c.h; path = GradientRingOutlineLayer.h; sourceTree = "<group>"; };
		E1E17FEA1975809600E262F5 /* GradientRingOutlineLayer.m */ = {isa = PBXFileReference; fileEncoding = 4; lastKnownFileType = sourcecode.c.objc; path = GradientRingOutlineLayer.m; sourceTree = "<group>"; };
		E1E17FEB1975809600E262F5 /* GradientRingProgressView.h */ = {isa = PBXFileReference; fileEncoding = 4; lastKnownFileType = sourcecode.c.h; path = GradientRingProgressView.h; sourceTree = "<group>"; };
		E1E17FEC1975809600E262F5 /* GradientRingProgressView.m */ = {isa = PBXFileReference; fileEncoding = 4; lastKnownFileType = sourcecode.c.objc; path = GradientRingProgressView.m; sourceTree = "<group>"; };
		E1E17FED1975809600E262F5 /* MainViewController.h */ = {isa = PBXFileReference; fileEncoding = 4; lastKnownFileType = sourcecode.c.h; path = MainViewController.h; sourceTree = "<group>"; };
		E1E17FEE1975809600E262F5 /* MainViewController.m */ = {isa = PBXFileReference; fileEncoding = 4; lastKnownFileType = sourcecode.c.objc; path = MainViewController.m; sourceTree = "<group>"; };
/* End PBXFileReference section */

/* Begin PBXFrameworksBuildPhase section */
		E1E17FB01975805900E262F5 /* Frameworks */ = {
			isa = PBXFrameworksBuildPhase;
			buildActionMask = 2147483647;
			files = (
				E1E17FB91975805900E262F5 /* CoreGraphics.framework in Frameworks */,
				E1E17FBB1975805900E262F5 /* UIKit.framework in Frameworks */,
				E1E17FB71975805900E262F5 /* Foundation.framework in Frameworks */,
			);
			runOnlyForDeploymentPostprocessing = 0;
		};
		E1E17FCB1975805900E262F5 /* Frameworks */ = {
			isa = PBXFrameworksBuildPhase;
			buildActionMask = 2147483647;
			files = (
				E1E17FD01975805900E262F5 /* XCTest.framework in Frameworks */,
				E1E17FD21975805900E262F5 /* UIKit.framework in Frameworks */,
				E1E17FD11975805900E262F5 /* Foundation.framework in Frameworks */,
			);
			runOnlyForDeploymentPostprocessing = 0;
		};
/* End PBXFrameworksBuildPhase section */

/* Begin PBXGroup section */
		E1E17FAA1975805900E262F5 = {
			isa = PBXGroup;
			children = (
				E1E17FBC1975805900E262F5 /* GradientRingProgressView */,
				E1E17FB51975805900E262F5 /* Frameworks */,
				E1E17FB41975805900E262F5 /* Products */,
			);
			sourceTree = "<group>";
		};
		E1E17FB41975805900E262F5 /* Products */ = {
			isa = PBXGroup;
			children = (
				E1E17FB31975805900E262F5 /* GradientRingProgressView.app */,
				E1E17FCE1975805900E262F5 /* GradientRingProgressViewTests.xctest */,
			);
			name = Products;
			sourceTree = "<group>";
		};
		E1E17FB51975805900E262F5 /* Frameworks */ = {
			isa = PBXGroup;
			children = (
				E1E17FB61975805900E262F5 /* Foundation.framework */,
				E1E17FB81975805900E262F5 /* CoreGraphics.framework */,
				E1E17FBA1975805900E262F5 /* UIKit.framework */,
				E1E17FCF1975805900E262F5 /* XCTest.framework */,
			);
			name = Frameworks;
			sourceTree = "<group>";
		};
		E1E17FBC1975805900E262F5 /* GradientRingProgressView */ = {
			isa = PBXGroup;
			children = (
				E1E17FE51975809600E262F5 /* AppDelegate.h */,
				E1E17FE61975809600E262F5 /* AppDelegate.m */,
				E1E17FED1975809600E262F5 /* MainViewController.h */,
				E1E17FEE1975809600E262F5 /* MainViewController.m */,
				E1E17FF41975811F00E262F5 /* GradientRingProgressView */,
				E1E17FC81975805900E262F5 /* Images.xcassets */,
				E1E17FBD1975805900E262F5 /* Supporting Files */,
			);
			path = GradientRingProgressView;
			sourceTree = "<group>";
		};
		E1E17FBD1975805900E262F5 /* Supporting Files */ = {
			isa = PBXGroup;
			children = (
				E1E17FBE1975805900E262F5 /* GradientRingProgressView-Info.plist */,
				E1E17FBF1975805900E262F5 /* InfoPlist.strings */,
				E1E17FC21975805900E262F5 /* main.m */,
				E1E17FC41975805900E262F5 /* GradientRingProgressView-Prefix.pch */,
			);
			name = "Supporting Files";
			sourceTree = "<group>";
		};
		E1E17FF41975811F00E262F5 /* GradientRingProgressView */ = {
			isa = PBXGroup;
			children = (
				E1E17FEB1975809600E262F5 /* GradientRingProgressView.h */,
				E1E17FEC1975809600E262F5 /* GradientRingProgressView.m */,
				E1E17FE71975809600E262F5 /* GradientRingLayer.h */,
				E1E17FE81975809600E262F5 /* GradientRingLayer.m */,
				E1E17FE91975809600E262F5 /* GradientRingOutlineLayer.h */,
				E1E17FEA1975809600E262F5 /* GradientRingOutlineLayer.m */,
			);
			name = GradientRingProgressView;
			sourceTree = "<group>";
		};
/* End PBXGroup section */

/* Begin PBXNativeTarget section */
		E1E17FB21975805900E262F5 /* GradientRingProgressView */ = {
			isa = PBXNativeTarget;
			buildConfigurationList = E1E17FDF1975805900E262F5 /* Build configuration list for PBXNativeTarget "GradientRingProgressView" */;
			buildPhases = (
				E1E17FAF1975805900E262F5 /* Sources */,
				E1E17FB01975805900E262F5 /* Frameworks */,
				E1E17FB11975805900E262F5 /* Resources */,
			);
			buildRules = (
			);
			dependencies = (
			);
			name = GradientRingProgressView;
			productName = GradientRingProgressView;
			productReference = E1E17FB31975805900E262F5 /* GradientRingProgressView.app */;
			productType = "com.apple.product-type.application";
		};
		E1E17FCD1975805900E262F5 /* GradientRingProgressViewTests */ = {
			isa = PBXNativeTarget;
			buildConfigurationList = E1E17FE21975805900E262F5 /* Build configuration list for PBXNativeTarget "GradientRingProgressViewTests" */;
			buildPhases = (
				E1E17FCA1975805900E262F5 /* Sources */,
				E1E17FCB1975805900E262F5 /* Frameworks */,
				E1E17FCC1975805900E262F5 /* Resources */,
			);
			buildRules = (
			);
			dependencies = (
				E1E17FD41975805900E262F5 /* PBXTargetDependency */,
			);
			name = GradientRingProgressViewTests;
			productName = GradientRingProgressViewTests;
			productReference = E1E17FCE1975805900E262F5 /* GradientRingProgressViewTests.xctest */;
			productType = "com.apple.product-type.bundle.unit-test";
		};
/* End PBXNativeTarget section */

/* Begin PBXProject section */
		E1E17FAB1975805900E262F5 /* Project object */ = {
			isa = PBXProject;
			attributes = {
				LastUpgradeCheck = 0510;
				ORGANIZATIONNAME = "Robert Pankrath";
				TargetAttributes = {
					E1E17FCD1975805900E262F5 = {
						TestTargetID = E1E17FB21975805900E262F5;
					};
				};
			};
			buildConfigurationList = E1E17FAE1975805900E262F5 /* Build configuration list for PBXProject "GradientRingProgressView" */;
			compatibilityVersion = "Xcode 3.2";
			developmentRegion = English;
			hasScannedForEncodings = 0;
			knownRegions = (
				en,
			);
			mainGroup = E1E17FAA1975805900E262F5;
			productRefGroup = E1E17FB41975805900E262F5 /* Products */;
			projectDirPath = "";
			projectRoot = "";
			targets = (
				E1E17FB21975805900E262F5 /* GradientRingProgressView */,
				E1E17FCD1975805900E262F5 /* GradientRingProgressViewTests */,
			);
		};
/* End PBXProject section */

/* Begin PBXResourcesBuildPhase section */
		E1E17FB11975805900E262F5 /* Resources */ = {
			isa = PBXResourcesBuildPhase;
			buildActionMask = 2147483647;
			files = (
				E1E17FC11975805900E262F5 /* InfoPlist.strings in Resources */,
				E1E17FC91975805900E262F5 /* Images.xcassets in Resources */,
			);
			runOnlyForDeploymentPostprocessing = 0;
		};
		E1E17FCC1975805900E262F5 /* Resources */ = {
			isa = PBXResourcesBuildPhase;
			buildActionMask = 2147483647;
			files = (
			);
			runOnlyForDeploymentPostprocessing = 0;
		};
/* End PBXResourcesBuildPhase section */

/* Begin PBXSourcesBuildPhase section */
		E1E17FAF1975805900E262F5 /* Sources */ = {
			isa = PBXSourcesBuildPhase;
			buildActionMask = 2147483647;
			files = (
				E1E17FF11975809600E262F5 /* GradientRingOutlineLayer.m in Sources */,
				E1E17FF31975809600E262F5 /* MainViewController.m in Sources */,
				E1E17FF01975809600E262F5 /* GradientRingLayer.m in Sources */,
				E1E17FF21975809600E262F5 /* GradientRingProgressView.m in Sources */,
				E1E17FEF1975809600E262F5 /* AppDelegate.m in Sources */,
				E1E17FC31975805900E262F5 /* main.m in Sources */,
			);
			runOnlyForDeploymentPostprocessing = 0;
		};
		E1E17FCA1975805900E262F5 /* Sources */ = {
			isa = PBXSourcesBuildPhase;
			buildActionMask = 2147483647;
			files = (
			);
			runOnlyForDeploymentPostprocessing = 0;
		};
/* End PBXSourcesBuildPhase section */

/* Begin PBXTargetDependency section */
		E1E17FD41975805900E262F5 /* PBXTargetDependency */ = {
			isa = PBXTargetDependency;
			target = E1E17FB21975805900E262F5 /* GradientRingProgressView */;
			targetProxy = E1E17FD31975805900E262F5 /* PBXContainerItemProxy */;
		};
/* End PBXTargetDependency section */

/* Begin PBXVariantGroup section */
		E1E17FBF1975805900E262F5 /* InfoPlist.strings */ = {
			isa = PBXVariantGroup;
			children = (
				E1E17FC01975805900E262F5 /* en */,
			);
			name = InfoPlist.strings;
			sourceTree = "<group>";
		};
/* End PBXVariantGroup section */

/* Begin XCBuildConfiguration section */
		E1E17FDD1975805900E262F5 /* Debug */ = {
			isa = XCBuildConfiguration;
			buildSettings = {
				ALWAYS_SEARCH_USER_PATHS = NO;
				CLANG_CXX_LANGUAGE_STANDARD = "gnu++0x";
				CLANG_CXX_LIBRARY = "libc++";
				CLANG_ENABLE_MODULES = YES;
				CLANG_ENABLE_OBJC_ARC = YES;
				CLANG_WARN_BOOL_CONVERSION = YES;
				CLANG_WARN_CONSTANT_CONVERSION = YES;
				CLANG_WARN_DIRECT_OBJC_ISA_USAGE = YES_ERROR;
				CLANG_WARN_EMPTY_BODY = YES;
				CLANG_WARN_ENUM_CONVERSION = YES;
				CLANG_WARN_INT_CONVERSION = YES;
				CLANG_WARN_OBJC_ROOT_CLASS = YES_ERROR;
				CLANG_WARN__DUPLICATE_METHOD_MATCH = YES;
				"CODE_SIGN_IDENTITY[sdk=iphoneos*]" = "iPhone Developer";
				COPY_PHASE_STRIP = NO;
				GCC_C_LANGUAGE_STANDARD = gnu99;
				GCC_DYNAMIC_NO_PIC = NO;
				GCC_OPTIMIZATION_LEVEL = 0;
				GCC_PREPROCESSOR_DEFINITIONS = (
					"DEBUG=1",
					"$(inherited)",
				);
				GCC_SYMBOLS_PRIVATE_EXTERN = NO;
				GCC_WARN_64_TO_32_BIT_CONVERSION = YES;
				GCC_WARN_ABOUT_RETURN_TYPE = YES_ERROR;
				GCC_WARN_UNDECLARED_SELECTOR = YES;
				GCC_WARN_UNINITIALIZED_AUTOS = YES_AGGRESSIVE;
				GCC_WARN_UNUSED_FUNCTION = YES;
				GCC_WARN_UNUSED_VARIABLE = YES;
				IPHONEOS_DEPLOYMENT_TARGET = 7.1;
				ONLY_ACTIVE_ARCH = YES;
				SDKROOT = iphoneos;
				TARGETED_DEVICE_FAMILY = "1,2";
			};
			name = Debug;
		};
		E1E17FDE1975805900E262F5 /* Release */ = {
			isa = XCBuildConfiguration;
			buildSettings = {
				ALWAYS_SEARCH_USER_PATHS = NO;
				CLANG_CXX_LANGUAGE_STANDARD = "gnu++0x";
				CLANG_CXX_LIBRARY = "libc++";
				CLANG_ENABLE_MODULES = YES;
				CLANG_ENABLE_OBJC_ARC = YES;
				CLANG_WARN_BOOL_CONVERSION = YES;
				CLANG_WARN_CONSTANT_CONVERSION = YES;
				CLANG_WARN_DIRECT_OBJC_ISA_USAGE = YES_ERROR;
				CLANG_WARN_EMPTY_BODY = YES;
				CLANG_WARN_ENUM_CONVERSION = YES;
				CLANG_WARN_INT_CONVERSION = YES;
				CLANG_WARN_OBJC_ROOT_CLASS = YES_ERROR;
				CLANG_WARN__DUPLICATE_METHOD_MATCH = YES;
				"CODE_SIGN_IDENTITY[sdk=iphoneos*]" = "iPhone Developer";
				COPY_PHASE_STRIP = YES;
				ENABLE_NS_ASSERTIONS = NO;
				GCC_C_LANGUAGE_STANDARD = gnu99;
				GCC_WARN_64_TO_32_BIT_CONVERSION = YES;
				GCC_WARN_ABOUT_RETURN_TYPE = YES_ERROR;
				GCC_WARN_UNDECLARED_SELECTOR = YES;
				GCC_WARN_UNINITIALIZED_AUTOS = YES_AGGRESSIVE;
				GCC_WARN_UNUSED_FUNCTION = YES;
				GCC_WARN_UNUSED_VARIABLE = YES;
				IPHONEOS_DEPLOYMENT_TARGET = 7.1;
				SDKROOT = iphoneos;
				TARGETED_DEVICE_FAMILY = "1,2";
				VALIDATE_PRODUCT = YES;
			};
			name = Release;
		};
		E1E17FE01975805900E262F5 /* Debug */ = {
			isa = XCBuildConfiguration;
			buildSettings = {
				ASSETCATALOG_COMPILER_APPICON_NAME = AppIcon;
				ASSETCATALOG_COMPILER_LAUNCHIMAGE_NAME = LaunchImage;
				GCC_PRECOMPILE_PREFIX_HEADER = YES;
				GCC_PREFIX_HEADER = "GradientRingProgressView/GradientRingProgressView-Prefix.pch";
				INFOPLIST_FILE = "GradientRingProgressView/GradientRingProgressView-Info.plist";
				PRODUCT_NAME = "$(TARGET_NAME)";
				WRAPPER_EXTENSION = app;
			};
			name = Debug;
		};
		E1E17FE11975805900E262F5 /* Release */ = {
			isa = XCBuildConfiguration;
			buildSettings = {
				ASSETCATALOG_COMPILER_APPICON_NAME = AppIcon;
				ASSETCATALOG_COMPILER_LAUNCHIMAGE_NAME = LaunchImage;
				GCC_PRECOMPILE_PREFIX_HEADER = YES;
				GCC_PREFIX_HEADER = "GradientRingProgressView/GradientRingProgressView-Prefix.pch";
				INFOPLIST_FILE = "GradientRingProgressView/GradientRingProgressView-Info.plist";
				PRODUCT_NAME = "$(TARGET_NAME)";
				WRAPPER_EXTENSION = app;
			};
			name = Release;
		};
		E1E17FE31975805900E262F5 /* Debug */ = {
			isa = XCBuildConfiguration;
			buildSettings = {
				BUNDLE_LOADER = "$(BUILT_PRODUCTS_DIR)/GradientRingProgressView.app/GradientRingProgressView";
				FRAMEWORK_SEARCH_PATHS = (
					"$(SDKROOT)/Developer/Library/Frameworks",
					"$(inherited)",
					"$(DEVELOPER_FRAMEWORKS_DIR)",
				);
				GCC_PRECOMPILE_PREFIX_HEADER = YES;
				GCC_PREFIX_HEADER = "GradientRingProgressView/GradientRingProgressView-Prefix.pch";
				GCC_PREPROCESSOR_DEFINITIONS = (
					"DEBUG=1",
					"$(inherited)",
				);
				INFOPLIST_FILE = "GradientRingProgressViewTests/GradientRingProgressViewTests-Info.plist";
				PRODUCT_NAME = "$(TARGET_NAME)";
				TEST_HOST = "$(BUNDLE_LOADER)";
				WRAPPER_EXTENSION = xctest;
			};
			name = Debug;
		};
		E1E17FE41975805900E262F5 /* Release */ = {
			isa = XCBuildConfiguration;
			buildSettings = {
				BUNDLE_LOADER = "$(BUILT_PRODUCTS_DIR)/GradientRingProgressView.app/GradientRingProgressView";
				FRAMEWORK_SEARCH_PATHS = (
					"$(SDKROOT)/Developer/Library/Frameworks",
					"$(inherited)",
					"$(DEVELOPER_FRAMEWORKS_DIR)",
				);
				GCC_PRECOMPILE_PREFIX_HEADER = YES;
				GCC_PREFIX_HEADER = "GradientRingProgressView/GradientRingProgressView-Prefix.pch";
				INFOPLIST_FILE = "GradientRingProgressViewTests/GradientRingProgressViewTests-Info.plist";
				PRODUCT_NAME = "$(TARGET_NAME)";
				TEST_HOST = "$(BUNDLE_LOADER)";
				WRAPPER_EXTENSION = xctest;
			};
			name = Release;
		};
/* End XCBuildConfiguration section */

/* Begin XCConfigurationList section */
		E1E17FAE1975805900E262F5 /* Build configuration list for PBXProject "GradientRingProgressView" */ = {
			isa = XCConfigurationList;
			buildConfigurations = (
				E1E17FDD1975805900E262F5 /* Debug */,
				E1E17FDE1975805900E262F5 /* Release */,
			);
			defaultConfigurationIsVisible = 0;
			defaultConfigurationName = Release;
		};
		E1E17FDF1975805900E262F5 /* Build configuration list for PBXNativeTarget "GradientRingProgressView" */ = {
			isa = XCConfigurationList;
			buildConfigurations = (
				E1E17FE01975805900E262F5 /* Debug */,
				E1E17FE11975805900E262F5 /* Release */,
			);
			defaultConfigurationIsVisible = 0;
		};
		E1E17FE21975805900E262F5 /* Build configuration list for PBXNativeTarget "GradientRingProgressViewTests" */ = {
			isa = XCConfigurationList;
			buildConfigurations = (
				E1E17FE31975805900E262F5 /* Debug */,
				E1E17FE41975805900E262F5 /* Release */,
			);
			defaultConfigurationIsVisible = 0;
		};
/* End XCConfigurationList section */
	};
	rootObject = E1E17FAB1975805900E262F5 /* Project object */;
}
